
Microsoft Visual Studio Solution File, Format Version 12.00
# Visual Studio 15
VisualStudioVersion = 15.0.27130.2027
MinimumVisualStudioVersion = 10.0.40219.1
Project("{FAE04EC0-301F-11D3-BF4B-00C04F79EFBC}") = "AngularNet", "AngularNet\AngularNet.csproj", "{BB9F3615-1ACD-4FD7-BCF1-E519B19E5A6A}"
EndProject
Global
	GlobalSection(SolutionConfigurationPlatforms) = preSolution
		Debug|Any CPU = Debug|Any CPU
		Release|Any CPU = Release|Any CPU
	EndGlobalSection
	GlobalSection(ProjectConfigurationPlatforms) = postSolution
		{BB9F3615-1ACD-4FD7-BCF1-E519B19E5A6A}.Debug|Any CPU.ActiveCfg = Debug|Any CPU
		{BB9F3615-1ACD-4FD7-BCF1-E519B19E5A6A}.Debug|Any CPU.Build.0 = Debug|Any CPU
		{BB9F3615-1ACD-4FD7-BCF1-E519B19E5A6A}.Release|Any CPU.ActiveCfg = Release|Any CPU
		{BB9F3615-1ACD-4FD7-BCF1-E519B19E5A6A}.Release|Any CPU.Build.0 = Release|Any CPU
	EndGlobalSection
	GlobalSection(SolutionProperties) = preSolution
		HideSolutionNode = FALSE
	EndGlobalSection
	GlobalSection(ExtensibilityGlobals) = postSolution
		SolutionGuid = {27E5BD60-B436-4DCE-A5D1-730194CEE095}
	EndGlobalSection
EndGlobal
